
Microsoft Visual Studio Solution File, Format Version 12.00
# Visual Studio Version 17
VisualStudioVersion = 17.0.31903.59
MinimumVisualStudioVersion = 10.0.40219.1
Project("{2150E333-8FDC-42A3-9474-1A3956D46DE8}") = "src", "src", "{827E0CD3-B72D-47B6-A68D-7590B98EB39B}"
EndProject
Project("{FAE04EC0-301F-11D3-BF4B-00C04F79EFBC}") = "Playline.Core", "src\Playline.Core\Playline.Core.csproj", "{FAA8ACB0-8EF6-4758-A0E2-55BE23DD7F9A}"
EndProject
Project("{FAE04EC0-301F-11D3-BF4B-00C04F79EFBC}") = "Playline.Storage", "src\Playline.Storage\Playline.Storage.csproj", "{1AF33806-3894-4A74-BD4C-CFF67FA2EB7B}"
EndProject
Project("{FAE04EC0-301F-11D3-BF4B-00C04F79EFBC}") = "Playline.App", "src\Playline.App\Playline.App.csproj", "{09B6EF0F-798A-4720-8285-EA62CF4CC031}"
EndProject
Project("{2150E333-8FDC-42A3-9474-1A3956D46DE8}") = "tests", "tests", "{0AB3BF05-4346-4AA6-1389-037BE0695223}"
EndProject
Project("{FAE04EC0-301F-11D3-BF4B-00C04F79EFBC}") = "Playline.Tests", "tests\Playline.Tests\Playline.Tests.csproj", "{513AB2E1-FD06-4455-94D7-43B770760677}"
EndProject
Project("{FAE04EC0-301F-11D3-BF4B-00C04F79EFBC}") = "Playline.Windows", "src\Playline.Windows\Playline.Windows.csproj", "{674398F3-44CF-4D27-B93C-D2A273B35CF3}"
EndProject
Project("{FAE04EC0-301F-11D3-BF4B-00C04F79EFBC}") = "Playline.Discovery", "src\Playline.Discovery\Playline.Discovery.csproj", "{4CC9BA6D-7AA8-4D22-96EB-7EDE9158CBC0}"
EndProject
Global
	GlobalSection(SolutionConfigurationPlatforms) = preSolution
		Debug|Any CPU = Debug|Any CPU
		Debug|x64 = Debug|x64
		Debug|x86 = Debug|x86
		Release|Any CPU = Release|Any CPU
		Release|x64 = Release|x64
		Release|x86 = Release|x86
	EndGlobalSection
	GlobalSection(ProjectConfigurationPlatforms) = postSolution
		{FAA8ACB0-8EF6-4758-A0E2-55BE23DD7F9A}.Debug|Any CPU.ActiveCfg = Debug|Any CPU
		{FAA8ACB0-8EF6-4758-A0E2-55BE23DD7F9A}.Debug|Any CPU.Build.0 = Debug|Any CPU
		{FAA8ACB0-8EF6-4758-A0E2-55BE23DD7F9A}.Debug|x64.ActiveCfg = Debug|Any CPU
		{FAA8ACB0-8EF6-4758-A0E2-55BE23DD7F9A}.Debug|x64.Build.0 = Debug|Any CPU
		{FAA8ACB0-8EF6-4758-A0E2-55BE23DD7F9A}.Debug|x86.ActiveCfg = Debug|Any CPU
		{FAA8ACB0-8EF6-4758-A0E2-55BE23DD7F9A}.Debug|x86.Build.0 = Debug|Any CPU
		{FAA8ACB0-8EF6-4758-A0E2-55BE23DD7F9A}.Release|Any CPU.ActiveCfg = Release|Any CPU
		{FAA8ACB0-8EF6-4758-A0E2-55BE23DD7F9A}.Release|Any CPU.Build.0 = Release|Any CPU
		{FAA8ACB0-8EF6-4758-A0E2-55BE23DD7F9A}.Release|x64.ActiveCfg = Release|Any CPU
		{FAA8ACB0-8EF6-4758-A0E2-55BE23DD7F9A}.Release|x64.Build.0 = Release|Any CPU
		{FAA8ACB0-8EF6-4758-A0E2-55BE23DD7F9A}.Release|x86.ActiveCfg = Release|Any CPU
		{FAA8ACB0-8EF6-4758-A0E2-55BE23DD7F9A}.Release|x86.Build.0 = Release|Any CPU
		{1AF33806-3894-4A74-BD4C-CFF67FA2EB7B}.Debug|Any CPU.ActiveCfg = Debug|Any CPU
		{1AF33806-3894-4A74-BD4C-CFF67FA2EB7B}.Debug|Any CPU.Build.0 = Debug|Any CPU
		{1AF33806-3894-4A74-BD4C-CFF67FA2EB7B}.Debug|x64.ActiveCfg = Debug|Any CPU
		{1AF33806-3894-4A74-BD4C-CFF67FA2EB7B}.Debug|x64.Build.0 = Debug|Any CPU
		{1AF33806-3894-4A74-BD4C-CFF67FA2EB7B}.Debug|x86.ActiveCfg = Debug|Any CPU
		{1AF33806-3894-4A74-BD4C-CFF67FA2EB7B}.Debug|x86.Build.0 = Debug|Any CPU
		{1AF33806-3894-4A74-BD4C-CFF67FA2EB7B}.Release|Any CPU.ActiveCfg = Release|Any CPU
		{1AF33806-3894-4A74-BD4C-CFF67FA2EB7B}.Release|Any CPU.Build.0 = Release|Any CPU
		{1AF33806-3894-4A74-BD4C-CFF67FA2EB7B}.Release|x64.ActiveCfg = Release|Any CPU
		{1AF33806-3894-4A74-BD4C-CFF67FA2EB7B}.Release|x64.Build.0 = Release|Any CPU
		{1AF33806-3894-4A74-BD4C-CFF67FA2EB7B}.Release|x86.ActiveCfg = Release|Any CPU
		{1AF33806-3894-4A74-BD4C-CFF67FA2EB7B}.Release|x86.Build.0 = Release|Any CPU
		{09B6EF0F-798A-4720-8285-EA62CF4CC031}.Debug|Any CPU.ActiveCfg = Debug|Any CPU
		{09B6EF0F-798A-4720-8285-EA62CF4CC031}.Debug|Any CPU.Build.0 = Debug|Any CPU
		{09B6EF0F-798A-4720-8285-EA62CF4CC031}.Debug|x64.ActiveCfg = Debug|Any CPU
		{09B6EF0F-798A-4720-8285-EA62CF4CC031}.Debug|x64.Build.0 = Debug|Any CPU
		{09B6EF0F-798A-4720-8285-EA62CF4CC031}.Debug|x86.ActiveCfg = Debug|Any CPU
		{09B6EF0F-798A-4720-8285-EA62CF4CC031}.Debug|x86.Build.0 = Debug|Any CPU
		{09B6EF0F-798A-4720-8285-EA62CF4CC031}.Release|Any CPU.ActiveCfg = Release|Any CPU
		{09B6EF0F-798A-4720-8285-EA62CF4CC031}.Release|Any CPU.Build.0 = Release|Any CPU
		{09B6EF0F-798A-4720-8285-EA62CF4CC031}.Release|x64.ActiveCfg = Release|Any CPU
		{09B6EF0F-798A-4720-8285-EA62CF4CC031}.Release|x64.Build.0 = Release|Any CPU
		{09B6EF0F-798A-4720-8285-EA62CF4CC031}.Release|x86.ActiveCfg = Release|Any CPU
		{09B6EF0F-798A-4720-8285-EA62CF4CC031}.Release|x86.Build.0 = Release|Any CPU
		{513AB2E1-FD06-4455-94D7-43B770760677}.Debug|Any CPU.ActiveCfg = Debug|Any CPU
		{513AB2E1-FD06-4455-94D7-43B770760677}.Debug|Any CPU.Build.0 = Debug|Any CPU
		{513AB2E1-FD06-4455-94D7-43B770760677}.Debug|x64.ActiveCfg = Debug|Any CPU
		{513AB2E1-FD06-4455-94D7-43B770760677}.Debug|x64.Build.0 = Debug|Any CPU
		{513AB2E1-FD06-4455-94D7-43B770760677}.Debug|x86.ActiveCfg = Debug|Any CPU
		{513AB2E1-FD06-4455-94D7-43B770760677}.Debug|x86.Build.0 = Debug|Any CPU
		{513AB2E1-FD06-4455-94D7-43B770760677}.Release|Any CPU.ActiveCfg = Release|Any CPU
		{513AB2E1-FD06-4455-94D7-43B770760677}.Release|Any CPU.Build.0 = Release|Any CPU
		{513AB2E1-FD06-4455-94D7-43B770760677}.Release|x64.ActiveCfg = Release|Any CPU
		{513AB2E1-FD06-4455-94D7-43B770760677}.Release|x64.Build.0 = Release|Any CPU
		{513AB2E1-FD06-4455-94D7-43B770760677}.Release|x86.ActiveCfg = Release|Any CPU
		{513AB2E1-FD06-4455-94D7-43B770760677}.Release|x86.Build.0 = Release|Any CPU
		{674398F3-44CF-4D27-B93C-D2A273B35CF3}.Debug|Any CPU.ActiveCfg = Debug|Any CPU
		{674398F3-44CF-4D27-B93C-D2A273B35CF3}.Debug|Any CPU.Build.0 = Debug|Any CPU
		{674398F3-44CF-4D27-B93C-D2A273B35CF3}.Debug|x64.ActiveCfg = Debug|Any CPU
		{674398F3-44CF-4D27-B93C-D2A273B35CF3}.Debug|x64.Build.0 = Debug|Any CPU
		{674398F3-44CF-4D27-B93C-D2A273B35CF3}.Debug|x86.ActiveCfg = Debug|Any CPU
		{674398F3-44CF-4D27-B93C-D2A273B35CF3}.Debug|x86.Build.0 = Debug|Any CPU
		{674398F3-44CF-4D27-B93C-D2A273B35CF3}.Release|Any CPU.ActiveCfg = Release|Any CPU
		{674398F3-44CF-4D27-B93C-D2A273B35CF3}.Release|Any CPU.Build.0 = Release|Any CPU
		{674398F3-44CF-4D27-B93C-D2A273B35CF3}.Release|x64.ActiveCfg = Release|Any CPU
		{674398F3-44CF-4D27-B93C-D2A273B35CF3}.Release|x64.Build.0 = Release|Any CPU
		{674398F3-44CF-4D27-B93C-D2A273B35CF3}.Release|x86.ActiveCfg = Release|Any CPU
		{674398F3-44CF-4D27-B93C-D2A273B35CF3}.Release|x86.Build.0 = Release|Any CPU
		{4CC9BA6D-7AA8-4D22-96EB-7EDE9158CBC0}.Debug|Any CPU.ActiveCfg = Debug|Any CPU
		{4CC9BA6D-7AA8-4D22-96EB-7EDE9158CBC0}.Debug|Any CPU.Build.0 = Debug|Any CPU
		{4CC9BA6D-7AA8-4D22-96EB-7EDE9158CBC0}.Debug|x64.ActiveCfg = Debug|Any CPU
		{4CC9BA6D-7AA8-4D22-96EB-7EDE9158CBC0}.Debug|x64.Build.0 = Debug|Any CPU
		{4CC9BA6D-7AA8-4D22-96EB-7EDE9158CBC0}.Debug|x86.ActiveCfg = Debug|Any CPU
		{4CC9BA6D-7AA8-4D22-96EB-7EDE9158CBC0}.Debug|x86.Build.0 = Debug|Any CPU
		{4CC9BA6D-7AA8-4D22-96EB-7EDE9158CBC0}.Release|Any CPU.ActiveCfg = Release|Any CPU
		{4CC9BA6D-7AA8-4D22-96EB-7EDE9158CBC0}.Release|Any CPU.Build.0 = Release|Any CPU
		{4CC9BA6D-7AA8-4D22-96EB-7EDE9158CBC0}.Release|x64.ActiveCfg = Release|Any CPU
		{4CC9BA6D-7AA8-4D22-96EB-7EDE9158CBC0}.Release|x64.Build.0 = Release|Any CPU
		{4CC9BA6D-7AA8-4D22-96EB-7EDE9158CBC0}.Release|x86.ActiveCfg = Release|Any CPU
		{4CC9BA6D-7AA8-4D22-96EB-7EDE9158CBC0}.Release|x86.Build.0 = Release|Any CPU
	EndGlobalSection
	GlobalSection(SolutionProperties) = preSolution
		HideSolutionNode = FALSE
	EndGlobalSection
	GlobalSection(NestedProjects) = preSolution
		{FAA8ACB0-8EF6-4758-A0E2-55BE23DD7F9A} = {827E0CD3-B72D-47B6-A68D-7590B98EB39B}
		{1AF33806-3894-4A74-BD4C-CFF67FA2EB7B} = {827E0CD3-B72D-47B6-A68D-7590B98EB39B}
		{09B6EF0F-798A-4720-8285-EA62CF4CC031} = {827E0CD3-B72D-47B6-A68D-7590B98EB39B}
		{513AB2E1-FD06-4455-94D7-43B770760677} = {0AB3BF05-4346-4AA6-1389-037BE0695223}
		{674398F3-44CF-4D27-B93C-D2A273B35CF3} = {827E0CD3-B72D-47B6-A68D-7590B98EB39B}
		{4CC9BA6D-7AA8-4D22-96EB-7EDE9158CBC0} = {827E0CD3-B72D-47B6-A68D-7590B98EB39B}
	EndGlobalSection
EndGlobal
